
Microsoft Visual Studio Solution File, Format Version 12.00
# Visual Studio 14
VisualStudioVersion = 14.0.25123.0
MinimumVisualStudioVersion = 10.0.40219.1
Project("{E24C65DC-7377-472B-9ABA-BC803B73C61A}") = "byui-fdciv101-team-contributions", "http://localhost:60755", "{98410C72-17F1-446A-8ED3-AC2D7A372F7B}"
	ProjectSection(WebsiteProperties) = preProject
		UseIISExpress = "true"
		TargetFrameworkMoniker = ".NETFramework,Version%3Dv4.0"
		Debug.AspNetCompiler.VirtualPath = "/localhost_60755"
		Debug.AspNetCompiler.PhysicalPath = "..\..\byui-fdciv101-team-contributions\"
		Debug.AspNetCompiler.TargetPath = "PrecompiledWeb\localhost_60755\"
		Debug.AspNetCompiler.Updateable = "true"
		Debug.AspNetCompiler.ForceOverwrite = "true"
		Debug.AspNetCompiler.FixedNames = "false"
		Debug.AspNetCompiler.Debug = "True"
		Release.AspNetCompiler.VirtualPath = "/localhost_60755"
		Release.AspNetCompiler.PhysicalPath = "..\..\byui-fdciv101-team-contributions\"
		Release.AspNetCompiler.TargetPath = "PrecompiledWeb\localhost_60755\"
		Release.AspNetCompiler.Updateable = "true"
		Release.AspNetCompiler.ForceOverwrite = "true"
		Release.AspNetCompiler.FixedNames = "false"
		Release.AspNetCompiler.Debug = "False"
		SlnRelativePath = "..\..\byui-fdciv101-team-contributions\"
	EndProjectSection
EndProject
Global
	GlobalSection(SolutionConfigurationPlatforms) = preSolution
		Debug|Any CPU = Debug|Any CPU
	EndGlobalSection
	GlobalSection(ProjectConfigurationPlatforms) = postSolution
		{98410C72-17F1-446A-8ED3-AC2D7A372F7B}.Debug|Any CPU.ActiveCfg = Debug|Any CPU
		{98410C72-17F1-446A-8ED3-AC2D7A372F7B}.Debug|Any CPU.Build.0 = Debug|Any CPU
	EndGlobalSection
	GlobalSection(SolutionProperties) = preSolution
		HideSolutionNode = FALSE
	EndGlobalSection
EndGlobal
